
Microsoft Visual Studio Solution File, Format Version 12.00
# Visual Studio Version 16
VisualStudioVersion = 16.0.29009.5
MinimumVisualStudioVersion = 10.0.40219.1
Project("{9A19103F-16F7-4668-BE54-9A1E7A4F7556}") = "firtdotnetcore.Web", "firtdotnetcore\firtdotnetcore.Web.csproj", "{1B75DF53-03E6-40BC-852F-4EAA8D39CB3F}"
EndProject
Project("{9A19103F-16F7-4668-BE54-9A1E7A4F7556}") = "firstdotnetcore.DataAccess", "firstdotnetcore.DataAccess\firstdotnetcore.DataAccess.csproj", "{B1D49DC4-82A2-479A-926E-E3E4FB5429FD}"
EndProject
Project("{FAE04EC0-301F-11D3-BF4B-00C04F79EFBC}") = "firstdotnetcore.Entity", "firstdotnetcore.Entity\firstdotnetcore.Entity.csproj", "{EF56E09E-C6BF-4EC4-A7EF-6990BA0DDCF2}"
EndProject
Project("{FAE04EC0-301F-11D3-BF4B-00C04F79EFBC}") = "firstdotnetcore.Repository", "firstdotnetcore.Repository\firstdotnetcore.Repository.csproj", "{D29A9B89-BF40-46D4-B1CD-F8E29B0D28DC}"
EndProject
Global
	GlobalSection(SolutionConfigurationPlatforms) = preSolution
		Debug|Any CPU = Debug|Any CPU
		Release|Any CPU = Release|Any CPU
	EndGlobalSection
	GlobalSection(ProjectConfigurationPlatforms) = postSolution
		{1B75DF53-03E6-40BC-852F-4EAA8D39CB3F}.Debug|Any CPU.ActiveCfg = Debug|Any CPU
		{1B75DF53-03E6-40BC-852F-4EAA8D39CB3F}.Debug|Any CPU.Build.0 = Debug|Any CPU
		{1B75DF53-03E6-40BC-852F-4EAA8D39CB3F}.Release|Any CPU.ActiveCfg = Release|Any CPU
		{1B75DF53-03E6-40BC-852F-4EAA8D39CB3F}.Release|Any CPU.Build.0 = Release|Any CPU
		{B1D49DC4-82A2-479A-926E-E3E4FB5429FD}.Debug|Any CPU.ActiveCfg = Debug|Any CPU
		{B1D49DC4-82A2-479A-926E-E3E4FB5429FD}.Debug|Any CPU.Build.0 = Debug|Any CPU
		{B1D49DC4-82A2-479A-926E-E3E4FB5429FD}.Release|Any CPU.ActiveCfg = Release|Any CPU
		{B1D49DC4-82A2-479A-926E-E3E4FB5429FD}.Release|Any CPU.Build.0 = Release|Any CPU
		{EF56E09E-C6BF-4EC4-A7EF-6990BA0DDCF2}.Debug|Any CPU.ActiveCfg = Debug|Any CPU
		{EF56E09E-C6BF-4EC4-A7EF-6990BA0DDCF2}.Debug|Any CPU.Build.0 = Debug|Any CPU
		{EF56E09E-C6BF-4EC4-A7EF-6990BA0DDCF2}.Release|Any CPU.ActiveCfg = Release|Any CPU
		{EF56E09E-C6BF-4EC4-A7EF-6990BA0DDCF2}.Release|Any CPU.Build.0 = Release|Any CPU
		{D29A9B89-BF40-46D4-B1CD-F8E29B0D28DC}.Debug|Any CPU.ActiveCfg = Debug|Any CPU
		{D29A9B89-BF40-46D4-B1CD-F8E29B0D28DC}.Debug|Any CPU.Build.0 = Debug|Any CPU
		{D29A9B89-BF40-46D4-B1CD-F8E29B0D28DC}.Release|Any CPU.ActiveCfg = Release|Any CPU
		{D29A9B89-BF40-46D4-B1CD-F8E29B0D28DC}.Release|Any CPU.Build.0 = Release|Any CPU
	EndGlobalSection
	GlobalSection(SolutionProperties) = preSolution
		HideSolutionNode = FALSE
	EndGlobalSection
	GlobalSection(ExtensibilityGlobals) = postSolution
		SolutionGuid = {4FF05B68-2733-4021-BD9A-500FE112DAEE}
	EndGlobalSection
EndGlobal
